
Microsoft Visual Studio Solution File, Format Version 12.00
# Visual Studio 2013
VisualStudioVersion = 12.0.40629.0
MinimumVisualStudioVersion = 10.0.40219.1
Project("{FAE04EC0-301F-11D3-BF4B-00C04F79EFBC}") = "Parser", "Parser\Parser.csproj", "{FE45168D-F667-4D02-A59C-6983C23C2F82}"
EndProject
Global
	GlobalSection(SolutionConfigurationPlatforms) = preSolution
		Debug|Any CPU = Debug|Any CPU
		Release|Any CPU = Release|Any CPU
	EndGlobalSection
	GlobalSection(ProjectConfigurationPlatforms) = postSolution
		{FE45168D-F667-4D02-A59C-6983C23C2F82}.Debug|Any CPU.ActiveCfg = Debug|Any CPU
		{FE45168D-F667-4D02-A59C-6983C23C2F82}.Debug|Any CPU.Build.0 = Debug|Any CPU
		{FE45168D-F667-4D02-A59C-6983C23C2F82}.Release|Any CPU.ActiveCfg = Release|Any CPU
		{FE45168D-F667-4D02-A59C-6983C23C2F82}.Release|Any CPU.Build.0 = Release|Any CPU
	EndGlobalSection
	GlobalSection(SolutionProperties) = preSolution
		HideSolutionNode = FALSE
	EndGlobalSection
EndGlobal
